
Microsoft Visual Studio Solution File, Format Version 12.00
# Visual Studio Version 16
VisualStudioVersion = 16.0.29418.71
MinimumVisualStudioVersion = 10.0.40219.1
Project("{FAE04EC0-301F-11D3-BF4B-00C04F79EFBC}") = "IS7024_XML_Group_Project", "IS7024_XML_Group_Project.csproj", "{20DDD23C-83D1-4A54-A023-5C95E3F81743}"
EndProject
Global
	GlobalSection(SolutionConfigurationPlatforms) = preSolution
		Debug|Any CPU = Debug|Any CPU
		Release|Any CPU = Release|Any CPU
	EndGlobalSection
	GlobalSection(ProjectConfigurationPlatforms) = postSolution
		{20DDD23C-83D1-4A54-A023-5C95E3F81743}.Debug|Any CPU.ActiveCfg = Debug|Any CPU
		{20DDD23C-83D1-4A54-A023-5C95E3F81743}.Debug|Any CPU.Build.0 = Debug|Any CPU
		{20DDD23C-83D1-4A54-A023-5C95E3F81743}.Release|Any CPU.ActiveCfg = Release|Any CPU
		{20DDD23C-83D1-4A54-A023-5C95E3F81743}.Release|Any CPU.Build.0 = Release|Any CPU
	EndGlobalSection
	GlobalSection(SolutionProperties) = preSolution
		HideSolutionNode = FALSE
	EndGlobalSection
	GlobalSection(ExtensibilityGlobals) = postSolution
		SolutionGuid = {AAA29EDD-B42F-476B-BA77-2F5404ED1BEE}
	EndGlobalSection
EndGlobal
